
Microsoft Visual Studio Solution File, Format Version 12.00
# Visual Studio 14
VisualStudioVersion = 14.0.24720.0
MinimumVisualStudioVersion = 10.0.40219.1
Project("{FAE04EC0-301F-11D3-BF4B-00C04F79EFBC}") = "Steam.Models", "Steam.Models\Steam.Models.csproj", "{2C1820B6-F58D-4A1D-A9AD-A4B0844722B9}"
EndProject
Project("{FAE04EC0-301F-11D3-BF4B-00C04F79EFBC}") = "Steam.Models.Net451", "Steam.Models.Net451\Steam.Models.Net451.csproj", "{CFC1726D-8012-4251-80AD-E8802A7FD1DF}"
EndProject
Project("{FAE04EC0-301F-11D3-BF4B-00C04F79EFBC}") = "Steam.Models.Net452", "Steam.Models.Net452\Steam.Models.Net452.csproj", "{8497E2BF-7B39-4696-9833-D2AA79DCA95A}"
EndProject
Project("{FAE04EC0-301F-11D3-BF4B-00C04F79EFBC}") = "Steam.Models.Portable", "Steam.Models.Portable\Steam.Models.Portable.csproj", "{37170BA3-979F-46E3-BB0A-F7306E66F191}"
EndProject
Global
	GlobalSection(SolutionConfigurationPlatforms) = preSolution
		Debug|Any CPU = Debug|Any CPU
		Release|Any CPU = Release|Any CPU
	EndGlobalSection
	GlobalSection(ProjectConfigurationPlatforms) = postSolution
		{2C1820B6-F58D-4A1D-A9AD-A4B0844722B9}.Debug|Any CPU.ActiveCfg = Debug|Any CPU
		{2C1820B6-F58D-4A1D-A9AD-A4B0844722B9}.Debug|Any CPU.Build.0 = Debug|Any CPU
		{2C1820B6-F58D-4A1D-A9AD-A4B0844722B9}.Release|Any CPU.ActiveCfg = Release|Any CPU
		{2C1820B6-F58D-4A1D-A9AD-A4B0844722B9}.Release|Any CPU.Build.0 = Release|Any CPU
		{CFC1726D-8012-4251-80AD-E8802A7FD1DF}.Debug|Any CPU.ActiveCfg = Debug|Any CPU
		{CFC1726D-8012-4251-80AD-E8802A7FD1DF}.Debug|Any CPU.Build.0 = Debug|Any CPU
		{CFC1726D-8012-4251-80AD-E8802A7FD1DF}.Release|Any CPU.ActiveCfg = Release|Any CPU
		{CFC1726D-8012-4251-80AD-E8802A7FD1DF}.Release|Any CPU.Build.0 = Release|Any CPU
		{8497E2BF-7B39-4696-9833-D2AA79DCA95A}.Debug|Any CPU.ActiveCfg = Debug|Any CPU
		{8497E2BF-7B39-4696-9833-D2AA79DCA95A}.Debug|Any CPU.Build.0 = Debug|Any CPU
		{8497E2BF-7B39-4696-9833-D2AA79DCA95A}.Release|Any CPU.ActiveCfg = Release|Any CPU
		{8497E2BF-7B39-4696-9833-D2AA79DCA95A}.Release|Any CPU.Build.0 = Release|Any CPU
		{37170BA3-979F-46E3-BB0A-F7306E66F191}.Debug|Any CPU.ActiveCfg = Debug|Any CPU
		{37170BA3-979F-46E3-BB0A-F7306E66F191}.Debug|Any CPU.Build.0 = Debug|Any CPU
		{37170BA3-979F-46E3-BB0A-F7306E66F191}.Release|Any CPU.ActiveCfg = Release|Any CPU
		{37170BA3-979F-46E3-BB0A-F7306E66F191}.Release|Any CPU.Build.0 = Release|Any CPU
	EndGlobalSection
	GlobalSection(SolutionProperties) = preSolution
		HideSolutionNode = FALSE
	EndGlobalSection
EndGlobal
